{
  "lockfileVersion": 1,
  "configVersion": 1,
  "workspaces": {
    "": {
      "name": "package-vaultwarden-red",
      "dependencies": {
        "colors-compute-red": "github:getcolors/colors-compute#ae28ea74962bb1897fa6365c143c1d43ac1fe095",
        "package-once-red": "github:getcolors/once#a1fe1be7a427dd2e406ff7befd1c43a53e7c3618",
      },
      "devDependencies": {
        "red": "github:getcolors/red#db9bfe61282e2093f4098bf5a6ee0cd10added6e",
      },
      "peerDependencies": {
        "red": "*",
      },
      "optionalPeers": [
        "red",
      ],
    },
  },
  "packages": {
    "colors-compute-red": ["colors-compute-red@github:getcolors/colors-compute#ae28ea7", { "peerDependencies": { "red": "*" } }, "getcolors-colors-compute-ae28ea7", "sha512-AKgS7dS07pGgS2O7OhJfAu6MS0/xxJTx/WIxyfGORXbySJEI10ySThyqPYWWJu9SRcgzdFCw0DpkIVm3mWlInQ=="],

    "package-once-red": ["package-once-red@github:getcolors/once#a1fe1be", { "peerDependencies": { "colors-compute-red": "*", "red": "*" }, "optionalPeers": ["colors-compute-red", "red"] }, "getcolors-once-a1fe1be", "sha512-QDx9xiW8CEFNmzSRf9YOpm9CtEVqUkE83z04dHJ8QRxNghlzhCJ8A23eYxJa79MgcPo2RKDua7htaYa/puqLdg=="],

    "red": ["red@github:getcolors/red#db9bfe6", { "dependencies": { "zod": "^4.0.0" } }, "getcolors-red-db9bfe6", "sha512-3uHKgJeICb/ljQxiTzLTLUdFNfNqvzPGv08X4LRVOU5uk7wmT7wEuVag/xhj87Qn6tvCtAG8uDp8IbIROBGmmg=="],

    "zod": ["zod@4.5.4", "", {}, "sha512-sC95tT5iHHH9gtpj6A81kh+NEaRAUFN+qlUPDUbRfOMvNf5QCBqsb3WgvnpVtK5Y+4UfA6KqufotuTvMGiTlsA=="],
  }
}
